
Microsoft Visual Studio Solution File, Format Version 12.00
# Visual Studio 15
VisualStudioVersion = 15.0.27703.2026
MinimumVisualStudioVersion = 10.0.40219.1
Project("{FAE04EC0-301F-11D3-BF4B-00C04F79EFBC}") = "LaserUI", "LaserUI\LaserUI.csproj", "{5248B768-20F2-4180-B449-FB76746D132F}"
EndProject
Project("{FAE04EC0-301F-11D3-BF4B-00C04F79EFBC}") = "LaserLib", "LaserLib\LaserLib.csproj", "{F48A72E8-9642-4217-87B7-9A0A796BF42F}"
EndProject
Global
	GlobalSection(SolutionConfigurationPlatforms) = preSolution
		Debug|Any CPU = Debug|Any CPU
		Release|Any CPU = Release|Any CPU
	EndGlobalSection
	GlobalSection(ProjectConfigurationPlatforms) = postSolution
		{5248B768-20F2-4180-B449-FB76746D132F}.Debug|Any CPU.ActiveCfg = Debug|Any CPU
		{5248B768-20F2-4180-B449-FB76746D132F}.Debug|Any CPU.Build.0 = Debug|Any CPU
		{5248B768-20F2-4180-B449-FB76746D132F}.Release|Any CPU.ActiveCfg = Release|Any CPU
		{5248B768-20F2-4180-B449-FB76746D132F}.Release|Any CPU.Build.0 = Release|Any CPU
		{F48A72E8-9642-4217-87B7-9A0A796BF42F}.Debug|Any CPU.ActiveCfg = Debug|Any CPU
		{F48A72E8-9642-4217-87B7-9A0A796BF42F}.Debug|Any CPU.Build.0 = Debug|Any CPU
		{F48A72E8-9642-4217-87B7-9A0A796BF42F}.Release|Any CPU.ActiveCfg = Release|Any CPU
		{F48A72E8-9642-4217-87B7-9A0A796BF42F}.Release|Any CPU.Build.0 = Release|Any CPU
	EndGlobalSection
	GlobalSection(SolutionProperties) = preSolution
		HideSolutionNode = FALSE
	EndGlobalSection
	GlobalSection(ExtensibilityGlobals) = postSolution
		SolutionGuid = {275936F9-DB4E-41C9-8199-9FF93C1597B1}
	EndGlobalSection
EndGlobal
